// !$*UTF8*$!
{
	archiveVersion = 1;
	classes = {
	};
	objectVersion = 50;
	objects = {

/* Begin PBXBuildFile section */
		74130152222F1AA00093181F /* Theme.swift in Sources */ = {isa = PBXBuildFile; fileRef = 74130151222F1AA00093181F /* Theme.swift */; };
		741515AA221FC9410039E987 /* ConversationViewController.swift in Sources */ = {isa = PBXBuildFile; fileRef = 741515A9221FC9400039E987 /* ConversationViewController.swift */; };
		741ADE07225E25E800C033A0 /* PresentationAssembly.swift in Sources */ = {isa = PBXBuildFile; fileRef = 741ADE06225E25E800C033A0 /* PresentationAssembly.swift */; };
		741ADE0C225E299600C033A0 /* CoreAssembly.swift in Sources */ = {isa = PBXBuildFile; fileRef = 741ADE0B225E299600C033A0 /* CoreAssembly.swift */; };
		741ADE0E225E2AF200C033A0 /* iSaveProfile.swift in Sources */ = {isa = PBXBuildFile; fileRef = 741ADE0D225E2AF200C033A0 /* iSaveProfile.swift */; };
		741ADE10225E2C9300C033A0 /* ICoreData.swift in Sources */ = {isa = PBXBuildFile; fileRef = 741ADE0F225E2C9300C033A0 /* ICoreData.swift */; };
		741ADE15225E308B00C033A0 /* ServicesAssembly.swift in Sources */ = {isa = PBXBuildFile; fileRef = 741ADE14225E308B00C033A0 /* ServicesAssembly.swift */; };
		741ADE17225E30D700C033A0 /* CoreDataService.swift in Sources */ = {isa = PBXBuildFile; fileRef = 741ADE16225E30D700C033A0 /* CoreDataService.swift */; };
		741ADE19225E310A00C033A0 /* SaveProfileService.swift in Sources */ = {isa = PBXBuildFile; fileRef = 741ADE18225E310A00C033A0 /* SaveProfileService.swift */; };
		742725D0226783A300539428 /* ServerImageCollectionViewCell.swift in Sources */ = {isa = PBXBuildFile; fileRef = 742725CE226783A300539428 /* ServerImageCollectionViewCell.swift */; };
		742725D1226783A300539428 /* ServerImageCollectionViewCell.xib in Resources */ = {isa = PBXBuildFile; fileRef = 742725CF226783A300539428 /* ServerImageCollectionViewCell.xib */; };
		742EE8EF226395DD0039ED12 /* DataProvider.swift in Sources */ = {isa = PBXBuildFile; fileRef = 742EE8EE226395DD0039ED12 /* DataProvider.swift */; };
		742EE8F1226395EE0039ED12 /* DataManager.swift in Sources */ = {isa = PBXBuildFile; fileRef = 742EE8F0226395EE0039ED12 /* DataManager.swift */; };
		742EE8F32263C7320039ED12 /* EditLabelClass.swift in Sources */ = {isa = PBXBuildFile; fileRef = 742EE8F22263C7320039ED12 /* EditLabelClass.swift */; };
		742EE8F52263C7660039ED12 /* EditDescriptionClass.swift in Sources */ = {isa = PBXBuildFile; fileRef = 742EE8F42263C7660039ED12 /* EditDescriptionClass.swift */; };
		742EE8F72263C90B0039ED12 /* ProfileViewDataProvider.swift in Sources */ = {isa = PBXBuildFile; fileRef = 742EE8F62263C90B0039ED12 /* ProfileViewDataProvider.swift */; };
		742EE8F92263CF880039ED12 /* MyActivityIndicator.swift in Sources */ = {isa = PBXBuildFile; fileRef = 742EE8F82263CF880039ED12 /* MyActivityIndicator.swift */; };
		742EE8FE2263D3DF0039ED12 /* ListProvider.swift in Sources */ = {isa = PBXBuildFile; fileRef = 742EE8FD2263D3DF0039ED12 /* ListProvider.swift */; };
		742EE9002263D8990039ED12 /* ListFRCdelegate.swift in Sources */ = {isa = PBXBuildFile; fileRef = 742EE8FF2263D8990039ED12 /* ListFRCdelegate.swift */; };
		74360279222FEC6400D7FED3 /* ConversationsListViewController.swift in Sources */ = {isa = PBXBuildFile; fileRef = 74677B72221F28C500B4B70F /* ConversationsListViewController.swift */; };
		7436027C223021E500D7FED3 /* ThemesViewController.m in Sources */ = {isa = PBXBuildFile; fileRef = 740C7FAD222CFE5D00471199 /* ThemesViewController.m */; };
		743A69452265A49D00FC2995 /* ServerImageViewController.swift in Sources */ = {isa = PBXBuildFile; fileRef = 743A69432265A49D00FC2995 /* ServerImageViewController.swift */; };
		743A69462265A49D00FC2995 /* ServerImageViewController.xib in Resources */ = {isa = PBXBuildFile; fileRef = 743A69442265A49D00FC2995 /* ServerImageViewController.xib */; };
		743A69482265A8BA00FC2995 /* ServerImageProvider.swift in Sources */ = {isa = PBXBuildFile; fileRef = 743A69472265A8BA00FC2995 /* ServerImageProvider.swift */; };
		743A695022665A7E00FC2995 /* SaveDelegate.swift in Sources */ = {isa = PBXBuildFile; fileRef = 743A694F22665A7E00FC2995 /* SaveDelegate.swift */; };
		743A6955226669FF00FC2995 /* IParser.swift in Sources */ = {isa = PBXBuildFile; fileRef = 743A6954226669FF00FC2995 /* IParser.swift */; };
		743A695722666CD400FC2995 /* IRequestSender.swift in Sources */ = {isa = PBXBuildFile; fileRef = 743A695622666CD400FC2995 /* IRequestSender.swift */; };
		743A695922666D3200FC2995 /* IRequest.swift in Sources */ = {isa = PBXBuildFile; fileRef = 743A695822666D3200FC2995 /* IRequest.swift */; };
		743A695B22666DAB00FC2995 /* Parser.swift in Sources */ = {isa = PBXBuildFile; fileRef = 743A695A22666DAB00FC2995 /* Parser.swift */; };
		743A695D2266ED2300FC2995 /* RequestSender.swift in Sources */ = {isa = PBXBuildFile; fileRef = 743A695C2266ED2300FC2995 /* RequestSender.swift */; };
		743A695F2266EDB100FC2995 /* RequestFactory.swift in Sources */ = {isa = PBXBuildFile; fileRef = 743A695E2266EDB100FC2995 /* RequestFactory.swift */; };
		743A69612266EFF500FC2995 /* PhotoRequest.swift in Sources */ = {isa = PBXBuildFile; fileRef = 743A69602266EFF500FC2995 /* PhotoRequest.swift */; };
		743A6963226723AA00FC2995 /* ServerimageModel.swift in Sources */ = {isa = PBXBuildFile; fileRef = 743A6962226723AA00FC2995 /* ServerimageModel.swift */; };
		743A6965226724B800FC2995 /* ImageDownloadingService.swift in Sources */ = {isa = PBXBuildFile; fileRef = 743A6964226724B800FC2995 /* ImageDownloadingService.swift */; };
		743A6969226742E200FC2995 /* RootAmbessy.swift in Sources */ = {isa = PBXBuildFile; fileRef = 743A6968226742E200FC2995 /* RootAmbessy.swift */; };
		74424E8B224042A500F1BC7B /* MultipeerCommunicator.swift in Sources */ = {isa = PBXBuildFile; fileRef = 74424E8A224042A500F1BC7B /* MultipeerCommunicator.swift */; };
		74424E8D22407A3C00F1BC7B /* Communicator.swift in Sources */ = {isa = PBXBuildFile; fileRef = 74424E8C22407A3C00F1BC7B /* Communicator.swift */; };
		74424E8F22407ECC00F1BC7B /* CommunicatorManager.swift in Sources */ = {isa = PBXBuildFile; fileRef = 74424E8E22407ECC00F1BC7B /* CommunicatorManager.swift */; };
		7443B6FB22188DDD007FDEF3 /* Assets.xcassets in Resources */ = {isa = PBXBuildFile; fileRef = 74A79CB3221684A700F23890 /* Assets.xcassets */; };
		745DEE4C2236BBFA008C4A5E /* GCDDataManager.swift in Sources */ = {isa = PBXBuildFile; fileRef = 745DEE4B2236BBFA008C4A5E /* GCDDataManager.swift */; };
		74958A4F223761F30022B883 /* ProfileViewControllerDelegate.swift in Sources */ = {isa = PBXBuildFile; fileRef = 74958A4E223761F20022B883 /* ProfileViewControllerDelegate.swift */; };
		74958A51223839CC0022B883 /* OperationDataManager.swift in Sources */ = {isa = PBXBuildFile; fileRef = 74958A50223839CC0022B883 /* OperationDataManager.swift */; };
		7495F9782242AFAD00F7E152 /* coreData.xcdatamodeld in Sources */ = {isa = PBXBuildFile; fileRef = 7495F9762242AFAD00F7E152 /* coreData.xcdatamodeld */; };
		7495F97A2242B00000F7E152 /* CoreDataStack.swift in Sources */ = {isa = PBXBuildFile; fileRef = 7495F9792242B00000F7E152 /* CoreDataStack.swift */; };
		74A79CE022168C9F00F23890 /* Logger.swift in Sources */ = {isa = PBXBuildFile; fileRef = 74A79CB2221684A700F23890 /* Logger.swift */; };
		74A79CE122168C9F00F23890 /* AppDelegate.swift in Sources */ = {isa = PBXBuildFile; fileRef = 74A79CB8221684A700F23890 /* AppDelegate.swift */; };
		74A79CE522168CC700F23890 /* LaunchScreen.storyboard in Resources */ = {isa = PBXBuildFile; fileRef = 74A79CB4221684A700F23890 /* LaunchScreen.storyboard */; };
		74A79CE622168CC700F23890 /* Main.storyboard in Resources */ = {isa = PBXBuildFile; fileRef = 74A79CB6221684A700F23890 /* Main.storyboard */; };
		74B33C902230773B00F3BB59 /* ProfileViewController.swift in Sources */ = {isa = PBXBuildFile; fileRef = 74B33C8F2230773B00F3BB59 /* ProfileViewController.swift */; };
		74CDAE692226B5F1001FEF3B /* TableViewCell.swift in Sources */ = {isa = PBXBuildFile; fileRef = 74CDAE682226B5F1001FEF3B /* TableViewCell.swift */; };
		74D746A5222C3A5200383066 /* Themes.m in Sources */ = {isa = PBXBuildFile; fileRef = 74D746A4222C3A5200383066 /* Themes.m */; };
		74DF00C52257226800DF175A /* Extensions.swift in Sources */ = {isa = PBXBuildFile; fileRef = 74DF00C42257226800DF175A /* Extensions.swift */; };
		74E254782247F546009E089F /* StorageManager.swift in Sources */ = {isa = PBXBuildFile; fileRef = 74E254772247F546009E089F /* StorageManager.swift */; };
		88593BF059C58C70158D5453 /* Pods_InTouchApp.framework in Frameworks */ = {isa = PBXBuildFile; fileRef = ECB272B38AFABA8B9347BA26 /* Pods_InTouchApp.framework */; };
/* End PBXBuildFile section */

/* Begin PBXFileReference section */
		35A59650909FF7FA38679761 /* Pods-InTouchApp.debug.xcconfig */ = {isa = PBXFileReference; includeInIndex = 1; lastKnownFileType = text.xcconfig; name = "Pods-InTouchApp.debug.xcconfig"; path = "Pods/Target Support Files/Pods-InTouchApp/Pods-InTouchApp.debug.xcconfig"; sourceTree = "<group>"; };
		740C7FAD222CFE5D00471199 /* ThemesViewController.m */ = {isa = PBXFileReference; fileEncoding = 4; lastKnownFileType = sourcecode.c.objc; path = ThemesViewController.m; sourceTree = "<group>"; };
		740C7FAE222CFE5D00471199 /* ThemesViewController.h */ = {isa = PBXFileReference; fileEncoding = 4; lastKnownFileType = sourcecode.c.h; path = ThemesViewController.h; sourceTree = "<group>"; };
		740C7FB2222D00D500471199 /* InTouchApp-Bridging-Header.h */ = {isa = PBXFileReference; lastKnownFileType = sourcecode.c.h; path = "InTouchApp-Bridging-Header.h"; sourceTree = "<group>"; };
		74130151222F1AA00093181F /* Theme.swift */ = {isa = PBXFileReference; lastKnownFileType = sourcecode.swift; path = Theme.swift; sourceTree = "<group>"; };
		741515A9221FC9400039E987 /* ConversationViewController.swift */ = {isa = PBXFileReference; lastKnownFileType = sourcecode.swift; path = ConversationViewController.swift; sourceTree = "<group>"; };
		741ADE06225E25E800C033A0 /* PresentationAssembly.swift */ = {isa = PBXFileReference; lastKnownFileType = sourcecode.swift; path = PresentationAssembly.swift; sourceTree = "<group>"; };
		741ADE0B225E299600C033A0 /* CoreAssembly.swift */ = {isa = PBXFileReference; lastKnownFileType = sourcecode.swift; path = CoreAssembly.swift; sourceTree = "<group>"; };
		741ADE0D225E2AF200C033A0 /* iSaveProfile.swift */ = {isa = PBXFileReference; lastKnownFileType = sourcecode.swift; path = iSaveProfile.swift; sourceTree = "<group>"; };
		741ADE0F225E2C9300C033A0 /* ICoreData.swift */ = {isa = PBXFileReference; lastKnownFileType = sourcecode.swift; path = ICoreData.swift; sourceTree = "<group>"; };
		741ADE14225E308B00C033A0 /* ServicesAssembly.swift */ = {isa = PBXFileReference; lastKnownFileType = sourcecode.swift; path = ServicesAssembly.swift; sourceTree = "<group>"; };
		741ADE16225E30D700C033A0 /* CoreDataService.swift */ = {isa = PBXFileReference; lastKnownFileType = sourcecode.swift; path = CoreDataService.swift; sourceTree = "<group>"; };
		741ADE18225E310A00C033A0 /* SaveProfileService.swift */ = {isa = PBXFileReference; lastKnownFileType = sourcecode.swift; path = SaveProfileService.swift; sourceTree = "<group>"; };
		742725CE226783A300539428 /* ServerImageCollectionViewCell.swift */ = {isa = PBXFileReference; fileEncoding = 4; lastKnownFileType = sourcecode.swift; path = ServerImageCollectionViewCell.swift; sourceTree = "<group>"; };
		742725CF226783A300539428 /* ServerImageCollectionViewCell.xib */ = {isa = PBXFileReference; fileEncoding = 4; lastKnownFileType = file.xib; path = ServerImageCollectionViewCell.xib; sourceTree = "<group>"; };
		742EE8EE226395DD0039ED12 /* DataProvider.swift */ = {isa = PBXFileReference; lastKnownFileType = sourcecode.swift; path = DataProvider.swift; sourceTree = "<group>"; };
		742EE8F0226395EE0039ED12 /* DataManager.swift */ = {isa = PBXFileReference; lastKnownFileType = sourcecode.swift; path = DataManager.swift; sourceTree = "<group>"; };
		742EE8F22263C7320039ED12 /* EditLabelClass.swift */ = {isa = PBXFileReference; lastKnownFileType = sourcecode.swift; path = EditLabelClass.swift; sourceTree = "<group>"; };
		742EE8F42263C7660039ED12 /* EditDescriptionClass.swift */ = {isa = PBXFileReference; lastKnownFileType = sourcecode.swift; path = EditDescriptionClass.swift; sourceTree = "<group>"; };
		742EE8F62263C90B0039ED12 /* ProfileViewDataProvider.swift */ = {isa = PBXFileReference; lastKnownFileType = sourcecode.swift; path = ProfileViewDataProvider.swift; sourceTree = "<group>"; };
		742EE8F82263CF880039ED12 /* MyActivityIndicator.swift */ = {isa = PBXFileReference; lastKnownFileType = sourcecode.swift; path = MyActivityIndicator.swift; sourceTree = "<group>"; };
		742EE8FD2263D3DF0039ED12 /* ListProvider.swift */ = {isa = PBXFileReference; lastKnownFileType = sourcecode.swift; path = ListProvider.swift; sourceTree = "<group>"; };
		742EE8FF2263D8990039ED12 /* ListFRCdelegate.swift */ = {isa = PBXFileReference; lastKnownFileType = sourcecode.swift; path = ListFRCdelegate.swift; sourceTree = "<group>"; };
		74360272222FE2FE00D7FED3 /* ThemesViewController.swift */ = {isa = PBXFileReference; lastKnownFileType = sourcecode.swift; path = ThemesViewController.swift; sourceTree = "<group>"; };
		743A69432265A49D00FC2995 /* ServerImageViewController.swift */ = {isa = PBXFileReference; lastKnownFileType = sourcecode.swift; path = ServerImageViewController.swift; sourceTree = "<group>"; };
		743A69442265A49D00FC2995 /* ServerImageViewController.xib */ = {isa = PBXFileReference; lastKnownFileType = file.xib; path = ServerImageViewController.xib; sourceTree = "<group>"; };
		743A69472265A8BA00FC2995 /* ServerImageProvider.swift */ = {isa = PBXFileReference; lastKnownFileType = sourcecode.swift; path = ServerImageProvider.swift; sourceTree = "<group>"; };
		743A694F22665A7E00FC2995 /* SaveDelegate.swift */ = {isa = PBXFileReference; lastKnownFileType = sourcecode.swift; path = SaveDelegate.swift; sourceTree = "<group>"; };
		743A6954226669FF00FC2995 /* IParser.swift */ = {isa = PBXFileReference; lastKnownFileType = sourcecode.swift; path = IParser.swift; sourceTree = "<group>"; };
		743A695622666CD400FC2995 /* IRequestSender.swift */ = {isa = PBXFileReference; lastKnownFileType = sourcecode.swift; path = IRequestSender.swift; sourceTree = "<group>"; };
		743A695822666D3200FC2995 /* IRequest.swift */ = {isa = PBXFileReference; lastKnownFileType = sourcecode.swift; path = IRequest.swift; sourceTree = "<group>"; };
		743A695A22666DAB00FC2995 /* Parser.swift */ = {isa = PBXFileReference; lastKnownFileType = sourcecode.swift; path = Parser.swift; sourceTree = "<group>"; };
		743A695C2266ED2300FC2995 /* RequestSender.swift */ = {isa = PBXFileReference; lastKnownFileType = sourcecode.swift; path = RequestSender.swift; sourceTree = "<group>"; };
		743A695E2266EDB100FC2995 /* RequestFactory.swift */ = {isa = PBXFileReference; lastKnownFileType = sourcecode.swift; path = RequestFactory.swift; sourceTree = "<group>"; };
		743A69602266EFF500FC2995 /* PhotoRequest.swift */ = {isa = PBXFileReference; lastKnownFileType = sourcecode.swift; path = PhotoRequest.swift; sourceTree = "<group>"; };
		743A6962226723AA00FC2995 /* ServerimageModel.swift */ = {isa = PBXFileReference; lastKnownFileType = sourcecode.swift; path = ServerimageModel.swift; sourceTree = "<group>"; };
		743A6964226724B800FC2995 /* ImageDownloadingService.swift */ = {isa = PBXFileReference; lastKnownFileType = sourcecode.swift; path = ImageDownloadingService.swift; sourceTree = "<group>"; };
		743A6968226742E200FC2995 /* RootAmbessy.swift */ = {isa = PBXFileReference; lastKnownFileType = sourcecode.swift; path = RootAmbessy.swift; sourceTree = "<group>"; };
		74424E8A224042A500F1BC7B /* MultipeerCommunicator.swift */ = {isa = PBXFileReference; lastKnownFileType = sourcecode.swift; path = MultipeerCommunicator.swift; sourceTree = "<group>"; };
		74424E8C22407A3C00F1BC7B /* Communicator.swift */ = {isa = PBXFileReference; lastKnownFileType = sourcecode.swift; path = Communicator.swift; sourceTree = "<group>"; };
		74424E8E22407ECC00F1BC7B /* CommunicatorManager.swift */ = {isa = PBXFileReference; lastKnownFileType = sourcecode.swift; path = CommunicatorManager.swift; sourceTree = "<group>"; };
		745DEE4B2236BBFA008C4A5E /* GCDDataManager.swift */ = {isa = PBXFileReference; lastKnownFileType = sourcecode.swift; path = GCDDataManager.swift; sourceTree = "<group>"; };
		74677B72221F28C500B4B70F /* ConversationsListViewController.swift */ = {isa = PBXFileReference; lastKnownFileType = sourcecode.swift; path = ConversationsListViewController.swift; sourceTree = "<group>"; };
		74958A4E223761F20022B883 /* ProfileViewControllerDelegate.swift */ = {isa = PBXFileReference; lastKnownFileType = sourcecode.swift; path = ProfileViewControllerDelegate.swift; sourceTree = "<group>"; };
		74958A50223839CC0022B883 /* OperationDataManager.swift */ = {isa = PBXFileReference; lastKnownFileType = sourcecode.swift; path = OperationDataManager.swift; sourceTree = "<group>"; };
		7495F9772242AFAD00F7E152 /* CoreDataStack.xcdatamodel */ = {isa = PBXFileReference; lastKnownFileType = wrapper.xcdatamodel; path = CoreDataStack.xcdatamodel; sourceTree = "<group>"; };
		7495F9792242B00000F7E152 /* CoreDataStack.swift */ = {isa = PBXFileReference; lastKnownFileType = sourcecode.swift; path = CoreDataStack.swift; sourceTree = "<group>"; };
		74A79CB2221684A700F23890 /* Logger.swift */ = {isa = PBXFileReference; fileEncoding = 4; lastKnownFileType = sourcecode.swift; path = Logger.swift; sourceTree = "<group>"; };
		74A79CB3221684A700F23890 /* Assets.xcassets */ = {isa = PBXFileReference; lastKnownFileType = folder.assetcatalog; path = Assets.xcassets; sourceTree = "<group>"; };
		74A79CB5221684A700F23890 /* Base */ = {isa = PBXFileReference; lastKnownFileType = file.storyboard; name = Base; path = Base.lproj/LaunchScreen.storyboard; sourceTree = "<group>"; };
		74A79CB7221684A700F23890 /* Base */ = {isa = PBXFileReference; lastKnownFileType = file.storyboard; name = Base; path = Base.lproj/Main.storyboard; sourceTree = "<group>"; };
		74A79CB8221684A700F23890 /* AppDelegate.swift */ = {isa = PBXFileReference; fileEncoding = 4; lastKnownFileType = sourcecode.swift; path = AppDelegate.swift; sourceTree = "<group>"; };
		74A79CB9221684A700F23890 /* Info.plist */ = {isa = PBXFileReference; fileEncoding = 4; lastKnownFileType = text.plist.xml; path = Info.plist; sourceTree = "<group>"; };
		74B33C8F2230773B00F3BB59 /* ProfileViewController.swift */ = {isa = PBXFileReference; fileEncoding = 4; lastKnownFileType = sourcecode.swift; path = ProfileViewController.swift; sourceTree = "<group>"; };
		74CDAE682226B5F1001FEF3B /* TableViewCell.swift */ = {isa = PBXFileReference; lastKnownFileType = sourcecode.swift; path = TableViewCell.swift; sourceTree = "<group>"; };
		74D74677222AB3C000383066 /* ThemesViewControllerDelegate.h */ = {isa = PBXFileReference; lastKnownFileType = sourcecode.c.h; path = ThemesViewControllerDelegate.h; sourceTree = "<group>"; };
		74D746A3222C3A5200383066 /* Themes.h */ = {isa = PBXFileReference; lastKnownFileType = sourcecode.c.h; path = Themes.h; sourceTree = "<group>"; };
		74D746A4222C3A5200383066 /* Themes.m */ = {isa = PBXFileReference; lastKnownFileType = sourcecode.c.objc; path = Themes.m; sourceTree = "<group>"; };
		74DF00C42257226800DF175A /* Extensions.swift */ = {isa = PBXFileReference; lastKnownFileType = sourcecode.swift; path = Extensions.swift; sourceTree = "<group>"; };
		74DF70C5220D4F1D00755684 /* InTouchApp.app */ = {isa = PBXFileReference; explicitFileType = wrapper.application; includeInIndex = 0; path = InTouchApp.app; sourceTree = BUILT_PRODUCTS_DIR; };
		74E254772247F546009E089F /* StorageManager.swift */ = {isa = PBXFileReference; lastKnownFileType = sourcecode.swift; path = StorageManager.swift; sourceTree = "<group>"; };
		A5A0F7E4470AC1FE07065532 /* Pods-InTouchApp.release.xcconfig */ = {isa = PBXFileReference; includeInIndex = 1; lastKnownFileType = text.xcconfig; name = "Pods-InTouchApp.release.xcconfig"; path = "Pods/Target Support Files/Pods-InTouchApp/Pods-InTouchApp.release.xcconfig"; sourceTree = "<group>"; };
		ECB272B38AFABA8B9347BA26 /* Pods_InTouchApp.framework */ = {isa = PBXFileReference; explicitFileType = wrapper.framework; includeInIndex = 0; path = Pods_InTouchApp.framework; sourceTree = BUILT_PRODUCTS_DIR; };
/* End PBXFileReference section */

/* Begin PBXFrameworksBuildPhase section */
		74DF70C2220D4F1D00755684 /* Frameworks */ = {
			isa = PBXFrameworksBuildPhase;
			buildActionMask = 2147483647;
			files = (
				88593BF059C58C70158D5453 /* Pods_InTouchApp.framework in Frameworks */,
			);
			runOnlyForDeploymentPostprocessing = 0;
		};
/* End PBXFrameworksBuildPhase section */

/* Begin PBXGroup section */
		740C7FB0222CFF7C00471199 /* obj-c */ = {
			isa = PBXGroup;
			children = (
				740C7FAE222CFE5D00471199 /* ThemesViewController.h */,
				740C7FAD222CFE5D00471199 /* ThemesViewController.m */,
				74D74677222AB3C000383066 /* ThemesViewControllerDelegate.h */,
				74D746A3222C3A5200383066 /* Themes.h */,
				74360272222FE2FE00D7FED3 /* ThemesViewController.swift */,
				74D746A4222C3A5200383066 /* Themes.m */,
			);
			path = "obj-c";
			sourceTree = "<group>";
		};
		741ADDFF225E250000C033A0 /* Presentation Layer */ = {
			isa = PBXGroup;
			children = (
				741ADE05225E25D500C033A0 /* Assembly */,
				741ADE00225E254300C033A0 /* Modules */,
			);
			path = "Presentation Layer";
			sourceTree = "<group>";
		};
		741ADE00225E254300C033A0 /* Modules */ = {
			isa = PBXGroup;
			children = (
				743A693F2265A43B00FC2995 /* ServerImageViewController */,
				741ADE03225E258800C033A0 /* ConversationListViewController */,
				741ADE02225E257800C033A0 /* ProfileViewController */,
				741ADE01225E255F00C033A0 /* ConversationViewController */,
			);
			path = Modules;
			sourceTree = "<group>";
		};
		741ADE01225E255F00C033A0 /* ConversationViewController */ = {
			isa = PBXGroup;
			children = (
				741515A9221FC9400039E987 /* ConversationViewController.swift */,
				742EE8EE226395DD0039ED12 /* DataProvider.swift */,
				742EE8F0226395EE0039ED12 /* DataManager.swift */,
			);
			path = ConversationViewController;
			sourceTree = "<group>";
		};
		741ADE02225E257800C033A0 /* ProfileViewController */ = {
			isa = PBXGroup;
			children = (
				742EE8ED226385E00039ED12 /* Controller */,
				742EE8EB226385D00039ED12 /* Model */,
				742EE8EC226385DA0039ED12 /* View */,
			);
			path = ProfileViewController;
			sourceTree = "<group>";
		};
		741ADE03225E258800C033A0 /* ConversationListViewController */ = {
			isa = PBXGroup;
			children = (
				742EE8FC2263D3C40039ED12 /* View */,
				742EE8FB2263D3BF0039ED12 /* Model */,
				742EE8FA2263D3B60039ED12 /* Controller */,
			);
			path = ConversationListViewController;
			sourceTree = "<group>";
		};
		741ADE05225E25D500C033A0 /* Assembly */ = {
			isa = PBXGroup;
			children = (
				741ADE06225E25E800C033A0 /* PresentationAssembly.swift */,
			);
			path = Assembly;
			sourceTree = "<group>";
		};
		741ADE08225E271500C033A0 /* Core Layer */ = {
			isa = PBXGroup;
			children = (
				743A69512266694D00FC2995 /* Networking */,
				74F9A0DC2246B7CD002B116B /* SaveProfile */,
				741ADE0A225E290F00C033A0 /* CoreData */,
				741ADE09225E276B00C033A0 /* Assembly */,
			);
			path = "Core Layer";
			sourceTree = "<group>";
		};
		741ADE09225E276B00C033A0 /* Assembly */ = {
			isa = PBXGroup;
			children = (
				741ADE0B225E299600C033A0 /* CoreAssembly.swift */,
			);
			path = Assembly;
			sourceTree = "<group>";
		};
		741ADE0A225E290F00C033A0 /* CoreData */ = {
			isa = PBXGroup;
			children = (
				741ADE0F225E2C9300C033A0 /* ICoreData.swift */,
				7495F9792242B00000F7E152 /* CoreDataStack.swift */,
			);
			path = CoreData;
			sourceTree = "<group>";
		};
		741ADE11225E302500C033A0 /* Service Layer */ = {
			isa = PBXGroup;
			children = (
				741ADE13225E307500C033A0 /* Services */,
				741ADE12225E306000C033A0 /* Assembly */,
			);
			path = "Service Layer";
			sourceTree = "<group>";
		};
		741ADE12225E306000C033A0 /* Assembly */ = {
			isa = PBXGroup;
			children = (
				741ADE14225E308B00C033A0 /* ServicesAssembly.swift */,
			);
			path = Assembly;
			sourceTree = "<group>";
		};
		741ADE13225E307500C033A0 /* Services */ = {
			isa = PBXGroup;
			children = (
				741ADE16225E30D700C033A0 /* CoreDataService.swift */,
				741ADE18225E310A00C033A0 /* SaveProfileService.swift */,
				743A6964226724B800FC2995 /* ImageDownloadingService.swift */,
			);
			path = Services;
			sourceTree = "<group>";
		};
		742EE8EB226385D00039ED12 /* Model */ = {
			isa = PBXGroup;
			children = (
				742EE8F62263C90B0039ED12 /* ProfileViewDataProvider.swift */,
			);
			path = Model;
			sourceTree = "<group>";
		};
		742EE8EC226385DA0039ED12 /* View */ = {
			isa = PBXGroup;
			children = (
				742EE8F22263C7320039ED12 /* EditLabelClass.swift */,
				742EE8F42263C7660039ED12 /* EditDescriptionClass.swift */,
				742EE8F82263CF880039ED12 /* MyActivityIndicator.swift */,
			);
			path = View;
			sourceTree = "<group>";
		};
		742EE8ED226385E00039ED12 /* Controller */ = {
			isa = PBXGroup;
			children = (
				74B33C8F2230773B00F3BB59 /* ProfileViewController.swift */,
			);
			path = Controller;
			sourceTree = "<group>";
		};
		742EE8FA2263D3B60039ED12 /* Controller */ = {
			isa = PBXGroup;
			children = (
				74677B72221F28C500B4B70F /* ConversationsListViewController.swift */,
			);
			path = Controller;
			sourceTree = "<group>";
		};
		742EE8FB2263D3BF0039ED12 /* Model */ = {
			isa = PBXGroup;
			children = (
				742EE8FD2263D3DF0039ED12 /* ListProvider.swift */,
				742EE8FF2263D8990039ED12 /* ListFRCdelegate.swift */,
			);
			path = Model;
			sourceTree = "<group>";
		};
		742EE8FC2263D3C40039ED12 /* View */ = {
			isa = PBXGroup;
			children = (
			);
			path = View;
			sourceTree = "<group>";
		};
		743A693F2265A43B00FC2995 /* ServerImageViewController */ = {
			isa = PBXGroup;
			children = (
				743A69422265A46D00FC2995 /* Controller */,
				743A69412265A46200FC2995 /* View */,
				743A69402265A45000FC2995 /* Model */,
			);
			path = ServerImageViewController;
			sourceTree = "<group>";
		};
		743A69402265A45000FC2995 /* Model */ = {
			isa = PBXGroup;
			children = (
				743A69472265A8BA00FC2995 /* ServerImageProvider.swift */,
				743A6962226723AA00FC2995 /* ServerimageModel.swift */,
			);
			path = Model;
			sourceTree = "<group>";
		};
		743A69412265A46200FC2995 /* View */ = {
			isa = PBXGroup;
			children = (
				742725CE226783A300539428 /* ServerImageCollectionViewCell.swift */,
				742725CF226783A300539428 /* ServerImageCollectionViewCell.xib */,
				743A694F22665A7E00FC2995 /* SaveDelegate.swift */,
				743A69442265A49D00FC2995 /* ServerImageViewController.xib */,
			);
			path = View;
			sourceTree = "<group>";
		};
		743A69422265A46D00FC2995 /* Controller */ = {
			isa = PBXGroup;
			children = (
				743A69432265A49D00FC2995 /* ServerImageViewController.swift */,
			);
			path = Controller;
			sourceTree = "<group>";
		};
		743A69512266694D00FC2995 /* Networking */ = {
			isa = PBXGroup;
			children = (
				743A6953226669E500FC2995 /* Request */,
				743A6952226669DA00FC2995 /* Parser */,
				743A695E2266EDB100FC2995 /* RequestFactory.swift */,
			);
			path = Networking;
			sourceTree = "<group>";
		};
		743A6952226669DA00FC2995 /* Parser */ = {
			isa = PBXGroup;
			children = (
				743A6954226669FF00FC2995 /* IParser.swift */,
				743A695A22666DAB00FC2995 /* Parser.swift */,
			);
			path = Parser;
			sourceTree = "<group>";
		};
		743A6953226669E500FC2995 /* Request */ = {
			isa = PBXGroup;
			children = (
				743A695622666CD400FC2995 /* IRequestSender.swift */,
				743A695822666D3200FC2995 /* IRequest.swift */,
				743A695C2266ED2300FC2995 /* RequestSender.swift */,
				743A69602266EFF500FC2995 /* PhotoRequest.swift */,
			);
			path = Request;
			sourceTree = "<group>";
		};
		74A79CB0221684A700F23890 /* InTouchApp */ = {
			isa = PBXGroup;
			children = (
				741ADE11225E302500C033A0 /* Service Layer */,
				741ADDFF225E250000C033A0 /* Presentation Layer */,
				741ADE08225E271500C033A0 /* Core Layer */,
				74E254752247AFA2009E089F /* View */,
				74F9A0DD2246B860002B116B /* Supported folders */,
				740C7FB0222CFF7C00471199 /* obj-c */,
				74F9A0DF2246BE21002B116B /* CoreData */,
				74E254762247AFF0009E089F /* Model */,
				74A79CB2221684A700F23890 /* Logger.swift */,
				743A6968226742E200FC2995 /* RootAmbessy.swift */,
				74424E8C22407A3C00F1BC7B /* Communicator.swift */,
				74424E8A224042A500F1BC7B /* MultipeerCommunicator.swift */,
				74DF00C42257226800DF175A /* Extensions.swift */,
				74958A4E223761F20022B883 /* ProfileViewControllerDelegate.swift */,
				74CDAE682226B5F1001FEF3B /* TableViewCell.swift */,
				740C7FB2222D00D500471199 /* InTouchApp-Bridging-Header.h */,
				74A79CB9221684A700F23890 /* Info.plist */,
			);
			path = InTouchApp;
			sourceTree = "<group>";
		};
		74DF70BC220D4F1D00755684 = {
			isa = PBXGroup;
			children = (
				74A79CB0221684A700F23890 /* InTouchApp */,
				74DF70C6220D4F1D00755684 /* Products */,
				E17035B006EEE33341D16822 /* Pods */,
				A7DB6772AC03A107137C6983 /* Frameworks */,
			);
			sourceTree = "<group>";
		};
		74DF70C6220D4F1D00755684 /* Products */ = {
			isa = PBXGroup;
			children = (
				74DF70C5220D4F1D00755684 /* InTouchApp.app */,
			);
			name = Products;
			sourceTree = "<group>";
		};
		74E254752247AFA2009E089F /* View */ = {
			isa = PBXGroup;
			children = (
				74A79CB6221684A700F23890 /* Main.storyboard */,
			);
			path = View;
			sourceTree = "<group>";
		};
		74E254762247AFF0009E089F /* Model */ = {
			isa = PBXGroup;
			children = (
				74424E8E22407ECC00F1BC7B /* CommunicatorManager.swift */,
				74130151222F1AA00093181F /* Theme.swift */,
				74E254772247F546009E089F /* StorageManager.swift */,
			);
			path = Model;
			sourceTree = "<group>";
		};
		74F9A0DC2246B7CD002B116B /* SaveProfile */ = {
			isa = PBXGroup;
			children = (
				741ADE0D225E2AF200C033A0 /* iSaveProfile.swift */,
				74958A50223839CC0022B883 /* OperationDataManager.swift */,
				745DEE4B2236BBFA008C4A5E /* GCDDataManager.swift */,
			);
			path = SaveProfile;
			sourceTree = "<group>";
		};
		74F9A0DD2246B860002B116B /* Supported folders */ = {
			isa = PBXGroup;
			children = (
				74A79CB4221684A700F23890 /* LaunchScreen.storyboard */,
				74A79CB8221684A700F23890 /* AppDelegate.swift */,
				74A79CB3221684A700F23890 /* Assets.xcassets */,
			);
			path = "Supported folders";
			sourceTree = "<group>";
		};
		74F9A0DF2246BE21002B116B /* CoreData */ = {
			isa = PBXGroup;
			children = (
				7495F9762242AFAD00F7E152 /* coreData.xcdatamodeld */,
			);
			path = CoreData;
			sourceTree = "<group>";
		};
		A7DB6772AC03A107137C6983 /* Frameworks */ = {
			isa = PBXGroup;
			children = (
				ECB272B38AFABA8B9347BA26 /* Pods_InTouchApp.framework */,
			);
			name = Frameworks;
			sourceTree = "<group>";
		};
		E17035B006EEE33341D16822 /* Pods */ = {
			isa = PBXGroup;
			children = (
				35A59650909FF7FA38679761 /* Pods-InTouchApp.debug.xcconfig */,
				A5A0F7E4470AC1FE07065532 /* Pods-InTouchApp.release.xcconfig */,
			);
			name = Pods;
			sourceTree = "<group>";
		};
/* End PBXGroup section */

/* Begin PBXNativeTarget section */
		74DF70C4220D4F1D00755684 /* InTouchApp */ = {
			isa = PBXNativeTarget;
			buildConfigurationList = 74DF70D7220D4F1F00755684 /* Build configuration list for PBXNativeTarget "InTouchApp" */;
			buildPhases = (
				FF658A3B1F05D17A93F8C587 /* [CP] Check Pods Manifest.lock */,
				74DF70C1220D4F1D00755684 /* Sources */,
				74DF70C2220D4F1D00755684 /* Frameworks */,
				74DF70C3220D4F1D00755684 /* Resources */,
				74CDAE6A2226B6F3001FEF3B /* ShellScript */,
			);
			buildRules = (
			);
			dependencies = (
			);
			name = InTouchApp;
			productName = HW;
			productReference = 74DF70C5220D4F1D00755684 /* InTouchApp.app */;
			productType = "com.apple.product-type.application";
		};
/* End PBXNativeTarget section */

/* Begin PBXProject section */
		74DF70BD220D4F1D00755684 /* Project object */ = {
			isa = PBXProject;
			attributes = {
				LastSwiftUpdateCheck = 1010;
				LastUpgradeCheck = 1010;
				ORGANIZATIONNAME = "Mikhail Borisov";
				TargetAttributes = {
					74DF70C4220D4F1D00755684 = {
						CreatedOnToolsVersion = 10.1;
						LastSwiftMigration = 1010;
						SystemCapabilities = {
							com.apple.Keychain = {
								enabled = 0;
							};
						};
					};
				};
			};
			buildConfigurationList = 74DF70C0220D4F1D00755684 /* Build configuration list for PBXProject "InTouchApp" */;
			compatibilityVersion = "Xcode 9.3";
			developmentRegion = en;
			hasScannedForEncodings = 0;
			knownRegions = (
				en,
				Base,
			);
			mainGroup = 74DF70BC220D4F1D00755684;
			productRefGroup = 74DF70C6220D4F1D00755684 /* Products */;
			projectDirPath = "";
			projectRoot = "";
			targets = (
				74DF70C4220D4F1D00755684 /* InTouchApp */,
			);
		};
/* End PBXProject section */

/* Begin PBXResourcesBuildPhase section */
		74DF70C3220D4F1D00755684 /* Resources */ = {
			isa = PBXResourcesBuildPhase;
			buildActionMask = 2147483647;
			files = (
				74A79CE522168CC700F23890 /* LaunchScreen.storyboard in Resources */,
				742725D1226783A300539428 /* ServerImageCollectionViewCell.xib in Resources */,
				7443B6FB22188DDD007FDEF3 /* Assets.xcassets in Resources */,
				74A79CE622168CC700F23890 /* Main.storyboard in Resources */,
				743A69462265A49D00FC2995 /* ServerImageViewController.xib in Resources */,
			);
			runOnlyForDeploymentPostprocessing = 0;
		};
/* End PBXResourcesBuildPhase section */

/* Begin PBXShellScriptBuildPhase section */
		74CDAE6A2226B6F3001FEF3B /* ShellScript */ = {
			isa = PBXShellScriptBuildPhase;
			buildActionMask = 2147483647;
			files = (
			);
			inputFileListPaths = (
			);
			inputPaths = (
			);
			outputFileListPaths = (
			);
			outputPaths = (
			);
			runOnlyForDeploymentPostprocessing = 0;
			shellPath = /bin/sh;
			shellScript = "\"${PODS_ROOT}/SwiftLint/swiftlint\"\n";
		};
		FF658A3B1F05D17A93F8C587 /* [CP] Check Pods Manifest.lock */ = {
			isa = PBXShellScriptBuildPhase;
			buildActionMask = 2147483647;
			files = (
			);
			inputFileListPaths = (
			);
			inputPaths = (
				"${PODS_PODFILE_DIR_PATH}/Podfile.lock",
				"${PODS_ROOT}/Manifest.lock",
			);
			name = "[CP] Check Pods Manifest.lock";
			outputFileListPaths = (
			);
			outputPaths = (
				"$(DERIVED_FILE_DIR)/Pods-InTouchApp-checkManifestLockResult.txt",
			);
			runOnlyForDeploymentPostprocessing = 0;
			shellPath = /bin/sh;
			shellScript = "diff \"${PODS_PODFILE_DIR_PATH}/Podfile.lock\" \"${PODS_ROOT}/Manifest.lock\" > /dev/null\nif [ $? != 0 ] ; then\n    # print error to STDERR\n    echo \"error: The sandbox is not in sync with the Podfile.lock. Run 'pod install' or update your CocoaPods installation.\" >&2\n    exit 1\nfi\n# This output is used by Xcode 'outputs' to avoid re-running this script phase.\necho \"SUCCESS\" > \"${SCRIPT_OUTPUT_FILE_0}\"\n";
			showEnvVarsInLog = 0;
		};
/* End PBXShellScriptBuildPhase section */

/* Begin PBXSourcesBuildPhase section */
		74DF70C1220D4F1D00755684 /* Sources */ = {
			isa = PBXSourcesBuildPhase;
			buildActionMask = 2147483647;
			files = (
				743A695F2266EDB100FC2995 /* RequestFactory.swift in Sources */,
				7495F9782242AFAD00F7E152 /* coreData.xcdatamodeld in Sources */,
				743A695D2266ED2300FC2995 /* RequestSender.swift in Sources */,
				743A69612266EFF500FC2995 /* PhotoRequest.swift in Sources */,
				74424E8D22407A3C00F1BC7B /* Communicator.swift in Sources */,
				741ADE10225E2C9300C033A0 /* ICoreData.swift in Sources */,
				7495F97A2242B00000F7E152 /* CoreDataStack.swift in Sources */,
				742725D0226783A300539428 /* ServerImageCollectionViewCell.swift in Sources */,
				743A695922666D3200FC2995 /* IRequest.swift in Sources */,
				742EE8F92263CF880039ED12 /* MyActivityIndicator.swift in Sources */,
				74958A51223839CC0022B883 /* OperationDataManager.swift in Sources */,
				743A69452265A49D00FC2995 /* ServerImageViewController.swift in Sources */,
				74958A4F223761F30022B883 /* ProfileViewControllerDelegate.swift in Sources */,
				742EE8F32263C7320039ED12 /* EditLabelClass.swift in Sources */,
				742EE8EF226395DD0039ED12 /* DataProvider.swift in Sources */,
				741515AA221FC9410039E987 /* ConversationViewController.swift in Sources */,
				74424E8F22407ECC00F1BC7B /* CommunicatorManager.swift in Sources */,
				74B33C902230773B00F3BB59 /* ProfileViewController.swift in Sources */,
				741ADE0C225E299600C033A0 /* CoreAssembly.swift in Sources */,
				741ADE19225E310A00C033A0 /* SaveProfileService.swift in Sources */,
				743A695022665A7E00FC2995 /* SaveDelegate.swift in Sources */,
				74E254782247F546009E089F /* StorageManager.swift in Sources */,
				743A6965226724B800FC2995 /* ImageDownloadingService.swift in Sources */,
				741ADE0E225E2AF200C033A0 /* iSaveProfile.swift in Sources */,
				74360279222FEC6400D7FED3 /* ConversationsListViewController.swift in Sources */,
				743A695B22666DAB00FC2995 /* Parser.swift in Sources */,
				741ADE15225E308B00C033A0 /* ServicesAssembly.swift in Sources */,
				74A79CE022168C9F00F23890 /* Logger.swift in Sources */,
				743A6963226723AA00FC2995 /* ServerimageModel.swift in Sources */,
				742EE8F1226395EE0039ED12 /* DataManager.swift in Sources */,
				742EE8F52263C7660039ED12 /* EditDescriptionClass.swift in Sources */,
				74CDAE692226B5F1001FEF3B /* TableViewCell.swift in Sources */,
				7436027C223021E500D7FED3 /* ThemesViewController.m in Sources */,
				742EE8F72263C90B0039ED12 /* ProfileViewDataProvider.swift in Sources */,
				743A69482265A8BA00FC2995 /* ServerImageProvider.swift in Sources */,
				741ADE07225E25E800C033A0 /* PresentationAssembly.swift in Sources */,
				743A6969226742E200FC2995 /* RootAmbessy.swift in Sources */,
				74130152222F1AA00093181F /* Theme.swift in Sources */,
				742EE9002263D8990039ED12 /* ListFRCdelegate.swift in Sources */,
				74DF00C52257226800DF175A /* Extensions.swift in Sources */,
				743A695722666CD400FC2995 /* IRequestSender.swift in Sources */,
				74424E8B224042A500F1BC7B /* MultipeerCommunicator.swift in Sources */,
				743A6955226669FF00FC2995 /* IParser.swift in Sources */,
				745DEE4C2236BBFA008C4A5E /* GCDDataManager.swift in Sources */,
				74D746A5222C3A5200383066 /* Themes.m in Sources */,
				74A79CE122168C9F00F23890 /* AppDelegate.swift in Sources */,
				742EE8FE2263D3DF0039ED12 /* ListProvider.swift in Sources */,
				741ADE17225E30D700C033A0 /* CoreDataService.swift in Sources */,
			);
			runOnlyForDeploymentPostprocessing = 0;
		};
/* End PBXSourcesBuildPhase section */

/* Begin PBXVariantGroup section */
		74A79CB4221684A700F23890 /* LaunchScreen.storyboard */ = {
			isa = PBXVariantGroup;
			children = (
				74A79CB5221684A700F23890 /* Base */,
			);
			name = LaunchScreen.storyboard;
			sourceTree = "<group>";
		};
		74A79CB6221684A700F23890 /* Main.storyboard */ = {
			isa = PBXVariantGroup;
			children = (
				74A79CB7221684A700F23890 /* Base */,
			);
			name = Main.storyboard;
			sourceTree = "<group>";
		};
/* End PBXVariantGroup section */

/* Begin XCBuildConfiguration section */
		74DF70D5220D4F1F00755684 /* Debug */ = {
			isa = XCBuildConfiguration;
			buildSettings = {
				ALWAYS_SEARCH_USER_PATHS = NO;
				CLANG_ANALYZER_NONNULL = YES;
				CLANG_ANALYZER_NUMBER_OBJECT_CONVERSION = YES_AGGRESSIVE;
				CLANG_CXX_LANGUAGE_STANDARD = "gnu++14";
				CLANG_CXX_LIBRARY = "libc++";
				CLANG_ENABLE_MODULES = YES;
				CLANG_ENABLE_OBJC_ARC = NO;
				CLANG_ENABLE_OBJC_WEAK = YES;
				CLANG_WARN_BLOCK_CAPTURE_AUTORELEASING = YES;
				CLANG_WARN_BOOL_CONVERSION = YES;
				CLANG_WARN_COMMA = YES;
				CLANG_WARN_CONSTANT_CONVERSION = YES;
				CLANG_WARN_DEPRECATED_OBJC_IMPLEMENTATIONS = YES;
				CLANG_WARN_DIRECT_OBJC_ISA_USAGE = YES_ERROR;
				CLANG_WARN_DOCUMENTATION_COMMENTS = YES;
				CLANG_WARN_EMPTY_BODY = YES;
				CLANG_WARN_ENUM_CONVERSION = YES;
				CLANG_WARN_INFINITE_RECURSION = YES;
				CLANG_WARN_INT_CONVERSION = YES;
				CLANG_WARN_NON_LITERAL_NULL_CONVERSION = YES;
				CLANG_WARN_OBJC_IMPLICIT_RETAIN_SELF = YES;
				CLANG_WARN_OBJC_LITERAL_CONVERSION = YES;
				CLANG_WARN_OBJC_ROOT_CLASS = YES_ERROR;
				CLANG_WARN_RANGE_LOOP_ANALYSIS = YES;
				CLANG_WARN_STRICT_PROTOTYPES = YES;
				CLANG_WARN_SUSPICIOUS_MOVE = YES;
				CLANG_WARN_UNGUARDED_AVAILABILITY = YES_AGGRESSIVE;
				CLANG_WARN_UNREACHABLE_CODE = YES;
				CLANG_WARN__DUPLICATE_METHOD_MATCH = YES;
				CODE_SIGN_IDENTITY = "iPhone Developer";
				COPY_PHASE_STRIP = NO;
				DEBUG_INFORMATION_FORMAT = dwarf;
				ENABLE_STRICT_OBJC_MSGSEND = YES;
				ENABLE_TESTABILITY = YES;
				GCC_C_LANGUAGE_STANDARD = gnu11;
				GCC_DYNAMIC_NO_PIC = NO;
				GCC_NO_COMMON_BLOCKS = YES;
				GCC_OPTIMIZATION_LEVEL = 0;
				GCC_PREPROCESSOR_DEFINITIONS = (
					"DEBUG=1",
					"$(inherited)",
				);
				GCC_WARN_64_TO_32_BIT_CONVERSION = YES;
				GCC_WARN_ABOUT_RETURN_TYPE = YES_ERROR;
				GCC_WARN_UNDECLARED_SELECTOR = YES;
				GCC_WARN_UNINITIALIZED_AUTOS = YES_AGGRESSIVE;
				GCC_WARN_UNUSED_FUNCTION = YES;
				GCC_WARN_UNUSED_VARIABLE = YES;
				IPHONEOS_DEPLOYMENT_TARGET = 12.1;
				MTL_ENABLE_DEBUG_INFO = INCLUDE_SOURCE;
				MTL_FAST_MATH = YES;
				ONLY_ACTIVE_ARCH = YES;
				SDKROOT = iphoneos;
				SWIFT_ACTIVE_COMPILATION_CONDITIONS = DEBUG;
				SWIFT_OPTIMIZATION_LEVEL = "-Onone";
			};
			name = Debug;
		};
		74DF70D6220D4F1F00755684 /* Release */ = {
			isa = XCBuildConfiguration;
			buildSettings = {
				ALWAYS_SEARCH_USER_PATHS = NO;
				CLANG_ANALYZER_NONNULL = YES;
				CLANG_ANALYZER_NUMBER_OBJECT_CONVERSION = YES_AGGRESSIVE;
				CLANG_CXX_LANGUAGE_STANDARD = "gnu++14";
				CLANG_CXX_LIBRARY = "libc++";
				CLANG_ENABLE_MODULES = YES;
				CLANG_ENABLE_OBJC_ARC = NO;
				CLANG_ENABLE_OBJC_WEAK = YES;
				CLANG_WARN_BLOCK_CAPTURE_AUTORELEASING = YES;
				CLANG_WARN_BOOL_CONVERSION = YES;
				CLANG_WARN_COMMA = YES;
				CLANG_WARN_CONSTANT_CONVERSION = YES;
				CLANG_WARN_DEPRECATED_OBJC_IMPLEMENTATIONS = YES;
				CLANG_WARN_DIRECT_OBJC_ISA_USAGE = YES_ERROR;
				CLANG_WARN_DOCUMENTATION_COMMENTS = YES;
				CLANG_WARN_EMPTY_BODY = YES;
				CLANG_WARN_ENUM_CONVERSION = YES;
				CLANG_WARN_INFINITE_RECURSION = YES;
				CLANG_WARN_INT_CONVERSION = YES;
				CLANG_WARN_NON_LITERAL_NULL_CONVERSION = YES;
				CLANG_WARN_OBJC_IMPLICIT_RETAIN_SELF = YES;
				CLANG_WARN_OBJC_LITERAL_CONVERSION = YES;
				CLANG_WARN_OBJC_ROOT_CLASS = YES_ERROR;
				CLANG_WARN_RANGE_LOOP_ANALYSIS = YES;
				CLANG_WARN_STRICT_PROTOTYPES = YES;
				CLANG_WARN_SUSPICIOUS_MOVE = YES;
				CLANG_WARN_UNGUARDED_AVAILABILITY = YES_AGGRESSIVE;
				CLANG_WARN_UNREACHABLE_CODE = YES;
				CLANG_WARN__DUPLICATE_METHOD_MATCH = YES;
				CODE_SIGN_IDENTITY = "iPhone Developer";
				COPY_PHASE_STRIP = NO;
				DEBUG_INFORMATION_FORMAT = "dwarf-with-dsym";
				ENABLE_NS_ASSERTIONS = NO;
				ENABLE_STRICT_OBJC_MSGSEND = YES;
				GCC_C_LANGUAGE_STANDARD = gnu11;
				GCC_NO_COMMON_BLOCKS = YES;
				GCC_WARN_64_TO_32_BIT_CONVERSION = YES;
				GCC_WARN_ABOUT_RETURN_TYPE = YES_ERROR;
				GCC_WARN_UNDECLARED_SELECTOR = YES;
				GCC_WARN_UNINITIALIZED_AUTOS = YES_AGGRESSIVE;
				GCC_WARN_UNUSED_FUNCTION = YES;
				GCC_WARN_UNUSED_VARIABLE = YES;
				IPHONEOS_DEPLOYMENT_TARGET = 12.1;
				MTL_ENABLE_DEBUG_INFO = NO;
				MTL_FAST_MATH = YES;
				SDKROOT = iphoneos;
				SWIFT_COMPILATION_MODE = wholemodule;
				SWIFT_OPTIMIZATION_LEVEL = "-O";
				VALIDATE_PRODUCT = YES;
			};
			name = Release;
		};
		74DF70D8220D4F1F00755684 /* Debug */ = {
			isa = XCBuildConfiguration;
			baseConfigurationReference = 35A59650909FF7FA38679761 /* Pods-InTouchApp.debug.xcconfig */;
			buildSettings = {
				ASSETCATALOG_COMPILER_APPICON_NAME = AppIcon;
				CLANG_ENABLE_MODULES = YES;
				CODE_SIGN_STYLE = Automatic;
				DEFINES_MODULE = NO;
				DEVELOPMENT_TEAM = 4GB4E68ZU6;
				INFOPLIST_FILE = "$(SRCROOT)/InTouchApp/Info.plist";
				IPHONEOS_DEPLOYMENT_TARGET = 11.0;
				LD_RUNPATH_SEARCH_PATHS = (
					"$(inherited)",
					"@executable_path/Frameworks",
				);
				PRODUCT_BUNDLE_IDENTIFIER = com.dsgnmike.homework1.HW;
				PRODUCT_NAME = "$(TARGET_NAME)";
				SWIFT_OBJC_BRIDGING_HEADER = "InTouchApp/InTouchApp-Bridging-Header.h";
				SWIFT_OPTIMIZATION_LEVEL = "-Onone";
				SWIFT_VERSION = 4.2;
				TARGETED_DEVICE_FAMILY = 1;
			};
			name = Debug;
		};
		74DF70D9220D4F1F00755684 /* Release */ = {
			isa = XCBuildConfiguration;
			baseConfigurationReference = A5A0F7E4470AC1FE07065532 /* Pods-InTouchApp.release.xcconfig */;
			buildSettings = {
				ASSETCATALOG_COMPILER_APPICON_NAME = AppIcon;
				CLANG_ENABLE_MODULES = YES;
				CODE_SIGN_STYLE = Automatic;
				DEFINES_MODULE = NO;
				DEVELOPMENT_TEAM = 4GB4E68ZU6;
				INFOPLIST_FILE = "$(SRCROOT)/InTouchApp/Info.plist";
				IPHONEOS_DEPLOYMENT_TARGET = 11.0;
				LD_RUNPATH_SEARCH_PATHS = (
					"$(inherited)",
					"@executable_path/Frameworks",
				);
				PRODUCT_BUNDLE_IDENTIFIER = com.dsgnmike.homework1.HW;
				PRODUCT_NAME = "$(TARGET_NAME)";
				SWIFT_OBJC_BRIDGING_HEADER = "InTouchApp/InTouchApp-Bridging-Header.h";
				SWIFT_VERSION = 4.2;
				TARGETED_DEVICE_FAMILY = 1;
			};
			name = Release;
		};
/* End XCBuildConfiguration section */

/* Begin XCConfigurationList section */
		74DF70C0220D4F1D00755684 /* Build configuration list for PBXProject "InTouchApp" */ = {
			isa = XCConfigurationList;
			buildConfigurations = (
				74DF70D5220D4F1F00755684 /* Debug */,
				74DF70D6220D4F1F00755684 /* Release */,
			);
			defaultConfigurationIsVisible = 0;
			defaultConfigurationName = Release;
		};
		74DF70D7220D4F1F00755684 /* Build configuration list for PBXNativeTarget "InTouchApp" */ = {
			isa = XCConfigurationList;
			buildConfigurations = (
				74DF70D8220D4F1F00755684 /* Debug */,
				74DF70D9220D4F1F00755684 /* Release */,
			);
			defaultConfigurationIsVisible = 0;
			defaultConfigurationName = Release;
		};
/* End XCConfigurationList section */

/* Begin XCVersionGroup section */
		7495F9762242AFAD00F7E152 /* coreData.xcdatamodeld */ = {
			isa = XCVersionGroup;
			children = (
				7495F9772242AFAD00F7E152 /* CoreDataStack.xcdatamodel */,
			);
			currentVersion = 7495F9772242AFAD00F7E152 /* CoreDataStack.xcdatamodel */;
			path = coreData.xcdatamodeld;
			sourceTree = "<group>";
			versionGroupType = wrapper.xcdatamodel;
		};
/* End XCVersionGroup section */
	};
	rootObject = 74DF70BD220D4F1D00755684 /* Project object */;
}
